// !$*UTF8*$!
{
	archiveVersion = 1;
	classes = {
	};
	objectVersion = 56;
	objects = {

/* Begin PBXBuildFile section */
		2A613B252B95C0CA007F88B8 /* AppDelegate.swift in Sources */ = {isa = PBXBuildFile; fileRef = 2A613B242B95C0CA007F88B8 /* AppDelegate.swift */; };
		2A613B272B95C0CA007F88B8 /* SceneDelegate.swift in Sources */ = {isa = PBXBuildFile; fileRef = 2A613B262B95C0CA007F88B8 /* SceneDelegate.swift */; };
		2A613B2C2B95C0CA007F88B8 /* Main.storyboard in Resources */ = {isa = PBXBuildFile; fileRef = 2A613B2A2B95C0CA007F88B8 /* Main.storyboard */; };
		2A613B2E2B95C0CC007F88B8 /* Assets.xcassets in Resources */ = {isa = PBXBuildFile; fileRef = 2A613B2D2B95C0CC007F88B8 /* Assets.xcassets */; };
		2A613B312B95C0CC007F88B8 /* LaunchScreen.storyboard in Resources */ = {isa = PBXBuildFile; fileRef = 2A613B2F2B95C0CC007F88B8 /* LaunchScreen.storyboard */; };
		2A613B3C2B95C0CC007F88B8 /* TaskNetworkingAndAPITests.swift in Sources */ = {isa = PBXBuildFile; fileRef = 2A613B3B2B95C0CC007F88B8 /* TaskNetworkingAndAPITests.swift */; };
		2A613B462B95C0CC007F88B8 /* TaskNetworkingAndAPIUITests.swift in Sources */ = {isa = PBXBuildFile; fileRef = 2A613B452B95C0CC007F88B8 /* TaskNetworkingAndAPIUITests.swift */; };
		2A613B482B95C0CC007F88B8 /* TaskNetworkingAndAPIUITestsLaunchTests.swift in Sources */ = {isa = PBXBuildFile; fileRef = 2A613B472B95C0CC007F88B8 /* TaskNetworkingAndAPIUITestsLaunchTests.swift */; };
		2A613B572B95C114007F88B8 /* Pet.swift in Sources */ = {isa = PBXBuildFile; fileRef = 2A613B562B95C114007F88B8 /* Pet.swift */; };
		2A613B5A2B95C12D007F88B8 /* NetworkManager.swift in Sources */ = {isa = PBXBuildFile; fileRef = 2A613B592B95C12C007F88B8 /* NetworkManager.swift */; };
		2A613B5E2B95C258007F88B8 /* Alamofire in Frameworks */ = {isa = PBXBuildFile; productRef = 2A613B5D2B95C258007F88B8 /* Alamofire */; };
		2A613B602B95C258007F88B8 /* AlamofireDynamic in Frameworks */ = {isa = PBXBuildFile; productRef = 2A613B5F2B95C258007F88B8 /* AlamofireDynamic */; };
		2A613B622B95C351007F88B8 /* PetTableViewController.swift in Sources */ = {isa = PBXBuildFile; fileRef = 2A613B612B95C351007F88B8 /* PetTableViewController.swift */; };
		2A613B642B95D8E6007F88B8 /* DetailPetViewCotroller.swift in Sources */ = {isa = PBXBuildFile; fileRef = 2A613B632B95D8E6007F88B8 /* DetailPetViewCotroller.swift */; };
		2A613B672B95D974007F88B8 /* SnapKit in Frameworks */ = {isa = PBXBuildFile; productRef = 2A613B662B95D974007F88B8 /* SnapKit */; };
		2A613B692B95D974007F88B8 /* SnapKit-Dynamic in Frameworks */ = {isa = PBXBuildFile; productRef = 2A613B682B95D974007F88B8 /* SnapKit-Dynamic */; };
		2A613B6C2B95DD33007F88B8 /* Kingfisher in Frameworks */ = {isa = PBXBuildFile; productRef = 2A613B6B2B95DD33007F88B8 /* Kingfisher */; };
/* End PBXBuildFile section */

/* Begin PBXContainerItemProxy section */
		2A613B382B95C0CC007F88B8 /* PBXContainerItemProxy */ = {
			isa = PBXContainerItemProxy;
			containerPortal = 2A613B192B95C0CA007F88B8 /* Project object */;
			proxyType = 1;
			remoteGlobalIDString = 2A613B202B95C0CA007F88B8;
			remoteInfo = TaskNetworkingAndAPI;
		};
		2A613B422B95C0CC007F88B8 /* PBXContainerItemProxy */ = {
			isa = PBXContainerItemProxy;
			containerPortal = 2A613B192B95C0CA007F88B8 /* Project object */;
			proxyType = 1;
			remoteGlobalIDString = 2A613B202B95C0CA007F88B8;
			remoteInfo = TaskNetworkingAndAPI;
		};
/* End PBXContainerItemProxy section */

/* Begin PBXFileReference section */
		2A613B212B95C0CA007F88B8 /* TaskNetworkingAndAPI.app */ = {isa = PBXFileReference; explicitFileType = wrapper.application; includeInIndex = 0; path = TaskNetworkingAndAPI.app; sourceTree = BUILT_PRODUCTS_DIR; };
		2A613B242B95C0CA007F88B8 /* AppDelegate.swift */ = {isa = PBXFileReference; lastKnownFileType = sourcecode.swift; path = AppDelegate.swift; sourceTree = "<group>"; };
		2A613B262B95C0CA007F88B8 /* SceneDelegate.swift */ = {isa = PBXFileReference; lastKnownFileType = sourcecode.swift; path = SceneDelegate.swift; sourceTree = "<group>"; };
		2A613B2B2B95C0CA007F88B8 /* Base */ = {isa = PBXFileReference; lastKnownFileType = file.storyboard; name = Base; path = Base.lproj/Main.storyboard; sourceTree = "<group>"; };
		2A613B2D2B95C0CC007F88B8 /* Assets.xcassets */ = {isa = PBXFileReference; lastKnownFileType = folder.assetcatalog; path = Assets.xcassets; sourceTree = "<group>"; };
		2A613B302B95C0CC007F88B8 /* Base */ = {isa = PBXFileReference; lastKnownFileType = file.storyboard; name = Base; path = Base.lproj/LaunchScreen.storyboard; sourceTree = "<group>"; };
		2A613B322B95C0CC007F88B8 /* Info.plist */ = {isa = PBXFileReference; lastKnownFileType = text.plist.xml; path = Info.plist; sourceTree = "<group>"; };
		2A613B372B95C0CC007F88B8 /* TaskNetworkingAndAPITests.xctest */ = {isa = PBXFileReference; explicitFileType = wrapper.cfbundle; includeInIndex = 0; path = TaskNetworkingAndAPITests.xctest; sourceTree = BUILT_PRODUCTS_DIR; };
		2A613B3B2B95C0CC007F88B8 /* TaskNetworkingAndAPITests.swift */ = {isa = PBXFileReference; lastKnownFileType = sourcecode.swift; path = TaskNetworkingAndAPITests.swift; sourceTree = "<group>"; };
		2A613B412B95C0CC007F88B8 /* TaskNetworkingAndAPIUITests.xctest */ = {isa = PBXFileReference; explicitFileType = wrapper.cfbundle; includeInIndex = 0; path = TaskNetworkingAndAPIUITests.xctest; sourceTree = BUILT_PRODUCTS_DIR; };
		2A613B452B95C0CC007F88B8 /* TaskNetworkingAndAPIUITests.swift */ = {isa = PBXFileReference; lastKnownFileType = sourcecode.swift; path = TaskNetworkingAndAPIUITests.swift; sourceTree = "<group>"; };
		2A613B472B95C0CC007F88B8 /* TaskNetworkingAndAPIUITestsLaunchTests.swift */ = {isa = PBXFileReference; lastKnownFileType = sourcecode.swift; path = TaskNetworkingAndAPIUITestsLaunchTests.swift; sourceTree = "<group>"; };
		2A613B562B95C114007F88B8 /* Pet.swift */ = {isa = PBXFileReference; lastKnownFileType = sourcecode.swift; path = Pet.swift; sourceTree = "<group>"; };
		2A613B592B95C12C007F88B8 /* NetworkManager.swift */ = {isa = PBXFileReference; lastKnownFileType = sourcecode.swift; path = NetworkManager.swift; sourceTree = "<group>"; };
		2A613B612B95C351007F88B8 /* PetTableViewController.swift */ = {isa = PBXFileReference; lastKnownFileType = sourcecode.swift; path = PetTableViewController.swift; sourceTree = "<group>"; };
		2A613B632B95D8E6007F88B8 /* DetailPetViewCotroller.swift */ = {isa = PBXFileReference; lastKnownFileType = sourcecode.swift; path = DetailPetViewCotroller.swift; sourceTree = "<group>"; };
/* End PBXFileReference section */

/* Begin PBXFrameworksBuildPhase section */
		2A613B1E2B95C0CA007F88B8 /* Frameworks */ = {
			isa = PBXFrameworksBuildPhase;
			buildActionMask = 2147483647;
			files = (
				2A613B672B95D974007F88B8 /* SnapKit in Frameworks */,
				2A613B5E2B95C258007F88B8 /* Alamofire in Frameworks */,
				2A613B602B95C258007F88B8 /* AlamofireDynamic in Frameworks */,
				2A613B692B95D974007F88B8 /* SnapKit-Dynamic in Frameworks */,
				2A613B6C2B95DD33007F88B8 /* Kingfisher in Frameworks */,
			);
			runOnlyForDeploymentPostprocessing = 0;
		};
		2A613B342B95C0CC007F88B8 /* Frameworks */ = {
			isa = PBXFrameworksBuildPhase;
			buildActionMask = 2147483647;
			files = (
			);
			runOnlyForDeploymentPostprocessing = 0;
		};
		2A613B3E2B95C0CC007F88B8 /* Frameworks */ = {
			isa = PBXFrameworksBuildPhase;
			buildActionMask = 2147483647;
			files = (
			);
			runOnlyForDeploymentPostprocessing = 0;
		};
/* End PBXFrameworksBuildPhase section */

/* Begin PBXGroup section */
		2A613B182B95C0CA007F88B8 = {
			isa = PBXGroup;
			children = (
				2A613B232B95C0CA007F88B8 /* TaskNetworkingAndAPI */,
				2A613B3A2B95C0CC007F88B8 /* TaskNetworkingAndAPITests */,
				2A613B442B95C0CC007F88B8 /* TaskNetworkingAndAPIUITests */,
				2A613B222B95C0CA007F88B8 /* Products */,
			);
			sourceTree = "<group>";
		};
		2A613B222B95C0CA007F88B8 /* Products */ = {
			isa = PBXGroup;
			children = (
				2A613B212B95C0CA007F88B8 /* TaskNetworkingAndAPI.app */,
				2A613B372B95C0CC007F88B8 /* TaskNetworkingAndAPITests.xctest */,
				2A613B412B95C0CC007F88B8 /* TaskNetworkingAndAPIUITests.xctest */,
			);
			name = Products;
			sourceTree = "<group>";
		};
		2A613B232B95C0CA007F88B8 /* TaskNetworkingAndAPI */ = {
			isa = PBXGroup;
			children = (
				2A613B542B95C0F9007F88B8 /* Supporting */,
				2A613B552B95C103007F88B8 /* VCs */,
				2A613B2A2B95C0CA007F88B8 /* Main.storyboard */,
				2A613B2D2B95C0CC007F88B8 /* Assets.xcassets */,
				2A613B2F2B95C0CC007F88B8 /* LaunchScreen.storyboard */,
				2A613B322B95C0CC007F88B8 /* Info.plist */,
				2A613B582B95C119007F88B8 /* Models */,
				2A613B5B2B95C226007F88B8 /* Network */,
			);
			path = TaskNetworkingAndAPI;
			sourceTree = "<group>";
		};
		2A613B3A2B95C0CC007F88B8 /* TaskNetworkingAndAPITests */ = {
			isa = PBXGroup;
			children = (
				2A613B3B2B95C0CC007F88B8 /* TaskNetworkingAndAPITests.swift */,
			);
			path = TaskNetworkingAndAPITests;
			sourceTree = "<group>";
		};
		2A613B442B95C0CC007F88B8 /* TaskNetworkingAndAPIUITests */ = {
			isa = PBXGroup;
			children = (
				2A613B452B95C0CC007F88B8 /* TaskNetworkingAndAPIUITests.swift */,
				2A613B472B95C0CC007F88B8 /* TaskNetworkingAndAPIUITestsLaunchTests.swift */,
			);
			path = TaskNetworkingAndAPIUITests;
			sourceTree = "<group>";
		};
		2A613B542B95C0F9007F88B8 /* Supporting */ = {
			isa = PBXGroup;
			children = (
				2A613B242B95C0CA007F88B8 /* AppDelegate.swift */,
				2A613B262B95C0CA007F88B8 /* SceneDelegate.swift */,
			);
			path = Supporting;
			sourceTree = "<group>";
		};
		2A613B552B95C103007F88B8 /* VCs */ = {
			isa = PBXGroup;
			children = (
				2A613B612B95C351007F88B8 /* PetTableViewController.swift */,
				2A613B632B95D8E6007F88B8 /* DetailPetViewCotroller.swift */,
			);
			path = VCs;
			sourceTree = "<group>";
		};
		2A613B582B95C119007F88B8 /* Models */ = {
			isa = PBXGroup;
			children = (
				2A613B562B95C114007F88B8 /* Pet.swift */,
			);
			path = Models;
			sourceTree = "<group>";
		};
		2A613B5B2B95C226007F88B8 /* Network */ = {
			isa = PBXGroup;
			children = (
				2A613B592B95C12C007F88B8 /* NetworkManager.swift */,
			);
			path = Network;
			sourceTree = "<group>";
		};
/* End PBXGroup section */

/* Begin PBXNativeTarget section */
		2A613B202B95C0CA007F88B8 /* TaskNetworkingAndAPI */ = {
			isa = PBXNativeTarget;
			buildConfigurationList = 2A613B4B2B95C0CC007F88B8 /* Build configuration list for PBXNativeTarget "TaskNetworkingAndAPI" */;
			buildPhases = (
				2A613B1D2B95C0CA007F88B8 /* Sources */,
				2A613B1E2B95C0CA007F88B8 /* Frameworks */,
				2A613B1F2B95C0CA007F88B8 /* Resources */,
			);
			buildRules = (
			);
			dependencies = (
			);
			name = TaskNetworkingAndAPI;
			packageProductDependencies = (
				2A613B5D2B95C258007F88B8 /* Alamofire */,
				2A613B5F2B95C258007F88B8 /* AlamofireDynamic */,
				2A613B662B95D974007F88B8 /* SnapKit */,
				2A613B682B95D974007F88B8 /* SnapKit-Dynamic */,
				2A613B6B2B95DD33007F88B8 /* Kingfisher */,
			);
			productName = TaskNetworkingAndAPI;
			productReference = 2A613B212B95C0CA007F88B8 /* TaskNetworkingAndAPI.app */;
			productType = "com.apple.product-type.application";
		};
		2A613B362B95C0CC007F88B8 /* TaskNetworkingAndAPITests */ = {
			isa = PBXNativeTarget;
			buildConfigurationList = 2A613B4E2B95C0CC007F88B8 /* Build configuration list for PBXNativeTarget "TaskNetworkingAndAPITests" */;
			buildPhases = (
				2A613B332B95C0CC007F88B8 /* Sources */,
				2A613B342B95C0CC007F88B8 /* Frameworks */,
				2A613B352B95C0CC007F88B8 /* Resources */,
			);
			buildRules = (
			);
			dependencies = (
				2A613B392B95C0CC007F88B8 /* PBXTargetDependency */,
			);
			name = TaskNetworkingAndAPITests;
			productName = TaskNetworkingAndAPITests;
			productReference = 2A613B372B95C0CC007F88B8 /* TaskNetworkingAndAPITests.xctest */;
			productType = "com.apple.product-type.bundle.unit-test";
		};
		2A613B402B95C0CC007F88B8 /* TaskNetworkingAndAPIUITests */ = {
			isa = PBXNativeTarget;
			buildConfigurationList = 2A613B512B95C0CC007F88B8 /* Build configuration list for PBXNativeTarget "TaskNetworkingAndAPIUITests" */;
			buildPhases = (
				2A613B3D2B95C0CC007F88B8 /* Sources */,
				2A613B3E2B95C0CC007F88B8 /* Frameworks */,
				2A613B3F2B95C0CC007F88B8 /* Resources */,
			);
			buildRules = (
			);
			dependencies = (
				2A613B432B95C0CC007F88B8 /* PBXTargetDependency */,
			);
			name = TaskNetworkingAndAPIUITests;
			productName = TaskNetworkingAndAPIUITests;
			productReference = 2A613B412B95C0CC007F88B8 /* TaskNetworkingAndAPIUITests.xctest */;
			productType = "com.apple.product-type.bundle.ui-testing";
		};
/* End PBXNativeTarget section */

/* Begin PBXProject section */
		2A613B192B95C0CA007F88B8 /* Project object */ = {
			isa = PBXProject;
			attributes = {
				BuildIndependentTargetsInParallel = 1;
				LastSwiftUpdateCheck = 1520;
				LastUpgradeCheck = 1520;
				TargetAttributes = {
					2A613B202B95C0CA007F88B8 = {
						CreatedOnToolsVersion = 15.2;
					};
					2A613B362B95C0CC007F88B8 = {
						CreatedOnToolsVersion = 15.2;
						TestTargetID = 2A613B202B95C0CA007F88B8;
					};
					2A613B402B95C0CC007F88B8 = {
						CreatedOnToolsVersion = 15.2;
						TestTargetID = 2A613B202B95C0CA007F88B8;
					};
				};
			};
			buildConfigurationList = 2A613B1C2B95C0CA007F88B8 /* Build configuration list for PBXProject "TaskNetworkingAndAPI" */;
			compatibilityVersion = "Xcode 14.0";
			developmentRegion = en;
			hasScannedForEncodings = 0;
			knownRegions = (
				en,
				Base,
			);
			mainGroup = 2A613B182B95C0CA007F88B8;
			packageReferences = (
				2A613B5C2B95C258007F88B8 /* XCRemoteSwiftPackageReference "Alamofire" */,
				2A613B652B95D974007F88B8 /* XCRemoteSwiftPackageReference "SnapKit" */,
				2A613B6A2B95DD33007F88B8 /* XCRemoteSwiftPackageReference "Kingfisher" */,
			);
			productRefGroup = 2A613B222B95C0CA007F88B8 /* Products */;
			projectDirPath = "";
			projectRoot = "";
			targets = (
				2A613B202B95C0CA007F88B8 /* TaskNetworkingAndAPI */,
				2A613B362B95C0CC007F88B8 /* TaskNetworkingAndAPITests */,
				2A613B402B95C0CC007F88B8 /* TaskNetworkingAndAPIUITests */,
			);
		};
/* End PBXProject section */

/* Begin PBXResourcesBuildPhase section */
		2A613B1F2B95C0CA007F88B8 /* Resources */ = {
			isa = PBXResourcesBuildPhase;
			buildActionMask = 2147483647;
			files = (
				2A613B312B95C0CC007F88B8 /* LaunchScreen.storyboard in Resources */,
				2A613B2E2B95C0CC007F88B8 /* Assets.xcassets in Resources */,
				2A613B2C2B95C0CA007F88B8 /* Main.storyboard in Resources */,
			);
			runOnlyForDeploymentPostprocessing = 0;
		};
		2A613B352B95C0CC007F88B8 /* Resources */ = {
			isa = PBXResourcesBuildPhase;
			buildActionMask = 2147483647;
			files = (
			);
			runOnlyForDeploymentPostprocessing = 0;
		};
		2A613B3F2B95C0CC007F88B8 /* Resources */ = {
			isa = PBXResourcesBuildPhase;
			buildActionMask = 2147483647;
			files = (
			);
			runOnlyForDeploymentPostprocessing = 0;
		};
/* End PBXResourcesBuildPhase section */

/* Begin PBXSourcesBuildPhase section */
		2A613B1D2B95C0CA007F88B8 /* Sources */ = {
			isa = PBXSourcesBuildPhase;
			buildActionMask = 2147483647;
			files = (
				2A613B572B95C114007F88B8 /* Pet.swift in Sources */,
				2A613B5A2B95C12D007F88B8 /* NetworkManager.swift in Sources */,
				2A613B642B95D8E6007F88B8 /* DetailPetViewCotroller.swift in Sources */,
				2A613B252B95C0CA007F88B8 /* AppDelegate.swift in Sources */,
				2A613B272B95C0CA007F88B8 /* SceneDelegate.swift in Sources */,
				2A613B622B95C351007F88B8 /* PetTableViewController.swift in Sources */,
			);
			runOnlyForDeploymentPostprocessing = 0;
		};
		2A613B332B95C0CC007F88B8 /* Sources */ = {
			isa = PBXSourcesBuildPhase;
			buildActionMask = 2147483647;
			files = (
				2A613B3C2B95C0CC007F88B8 /* TaskNetworkingAndAPITests.swift in Sources */,
			);
			runOnlyForDeploymentPostprocessing = 0;
		};
		2A613B3D2B95C0CC007F88B8 /* Sources */ = {
			isa = PBXSourcesBuildPhase;
			buildActionMask = 2147483647;
			files = (
				2A613B482B95C0CC007F88B8 /* TaskNetworkingAndAPIUITestsLaunchTests.swift in Sources */,
				2A613B462B95C0CC007F88B8 /* TaskNetworkingAndAPIUITests.swift in Sources */,
			);
			runOnlyForDeploymentPostprocessing = 0;
		};
/* End PBXSourcesBuildPhase section */

/* Begin PBXTargetDependency section */
		2A613B392B95C0CC007F88B8 /* PBXTargetDependency */ = {
			isa = PBXTargetDependency;
			target = 2A613B202B95C0CA007F88B8 /* TaskNetworkingAndAPI */;
			targetProxy = 2A613B382B95C0CC007F88B8 /* PBXContainerItemProxy */;
		};
		2A613B432B95C0CC007F88B8 /* PBXTargetDependency */ = {
			isa = PBXTargetDependency;
			target = 2A613B202B95C0CA007F88B8 /* TaskNetworkingAndAPI */;
			targetProxy = 2A613B422B95C0CC007F88B8 /* PBXContainerItemProxy */;
		};
/* End PBXTargetDependency section */

/* Begin PBXVariantGroup section */
		2A613B2A2B95C0CA007F88B8 /* Main.storyboard */ = {
			isa = PBXVariantGroup;
			children = (
				2A613B2B2B95C0CA007F88B8 /* Base */,
			);
			name = Main.storyboard;
			sourceTree = "<group>";
		};
		2A613B2F2B95C0CC007F88B8 /* LaunchScreen.storyboard */ = {
			isa = PBXVariantGroup;
			children = (
				2A613B302B95C0CC007F88B8 /* Base */,
			);
			name = LaunchScreen.storyboard;
			sourceTree = "<group>";
		};
/* End PBXVariantGroup section */

/* Begin XCBuildConfiguration section */
		2A613B492B95C0CC007F88B8 /* Debug */ = {
			isa = XCBuildConfiguration;
			buildSettings = {
				ALWAYS_SEARCH_USER_PATHS = NO;
				ASSETCATALOG_COMPILER_GENERATE_SWIFT_ASSET_SYMBOL_EXTENSIONS = YES;
				CLANG_ANALYZER_NONNULL = YES;
				CLANG_ANALYZER_NUMBER_OBJECT_CONVERSION = YES_AGGRESSIVE;
				CLANG_CXX_LANGUAGE_STANDARD = "gnu++20";
				CLANG_ENABLE_MODULES = YES;
				CLANG_ENABLE_OBJC_ARC = YES;
				CLANG_ENABLE_OBJC_WEAK = YES;
				CLANG_WARN_BLOCK_CAPTURE_AUTORELEASING = YES;
				CLANG_WARN_BOOL_CONVERSION = YES;
				CLANG_WARN_COMMA = YES;
				CLANG_WARN_CONSTANT_CONVERSION = YES;
				CLANG_WARN_DEPRECATED_OBJC_IMPLEMENTATIONS = YES;
				CLANG_WARN_DIRECT_OBJC_ISA_USAGE = YES_ERROR;
				CLANG_WARN_DOCUMENTATION_COMMENTS = YES;
				CLANG_WARN_EMPTY_BODY = YES;
				CLANG_WARN_ENUM_CONVERSION = YES;
				CLANG_WARN_INFINITE_RECURSION = YES;
				CLANG_WARN_INT_CONVERSION = YES;
				CLANG_WARN_NON_LITERAL_NULL_CONVERSION = YES;
				CLANG_WARN_OBJC_IMPLICIT_RETAIN_SELF = YES;
				CLANG_WARN_OBJC_LITERAL_CONVERSION = YES;
				CLANG_WARN_OBJC_ROOT_CLASS = YES_ERROR;
				CLANG_WARN_QUOTED_INCLUDE_IN_FRAMEWORK_HEADER = YES;
				CLANG_WARN_RANGE_LOOP_ANALYSIS = YES;
				CLANG_WARN_STRICT_PROTOTYPES = YES;
				CLANG_WARN_SUSPICIOUS_MOVE = YES;
				CLANG_WARN_UNGUARDED_AVAILABILITY = YES_AGGRESSIVE;
				CLANG_WARN_UNREACHABLE_CODE = YES;
				CLANG_WARN__DUPLICATE_METHOD_MATCH = YES;
				COPY_PHASE_STRIP = NO;
				DEBUG_INFORMATION_FORMAT = dwarf;
				ENABLE_STRICT_OBJC_MSGSEND = YES;
				ENABLE_TESTABILITY = YES;
				ENABLE_USER_SCRIPT_SANDBOXING = YES;
				GCC_C_LANGUAGE_STANDARD = gnu17;
				GCC_DYNAMIC_NO_PIC = NO;
				GCC_NO_COMMON_BLOCKS = YES;
				GCC_OPTIMIZATION_LEVEL = 0;
				GCC_PREPROCESSOR_DEFINITIONS = (
					"DEBUG=1",
					"$(inherited)",
				);
				GCC_WARN_64_TO_32_BIT_CONVERSION = YES;
				GCC_WARN_ABOUT_RETURN_TYPE = YES_ERROR;
				GCC_WARN_UNDECLARED_SELECTOR = YES;
				GCC_WARN_UNINITIALIZED_AUTOS = YES_AGGRESSIVE;
				GCC_WARN_UNUSED_FUNCTION = YES;
				GCC_WARN_UNUSED_VARIABLE = YES;
				IPHONEOS_DEPLOYMENT_TARGET = 17.2;
				LOCALIZATION_PREFERS_STRING_CATALOGS = YES;
				MTL_ENABLE_DEBUG_INFO = INCLUDE_SOURCE;
				MTL_FAST_MATH = YES;
				ONLY_ACTIVE_ARCH = YES;
				SDKROOT = iphoneos;
				SWIFT_ACTIVE_COMPILATION_CONDITIONS = "DEBUG $(inherited)";
				SWIFT_OPTIMIZATION_LEVEL = "-Onone";
			};
			name = Debug;
		};
		2A613B4A2B95C0CC007F88B8 /* Release */ = {
			isa = XCBuildConfiguration;
			buildSettings = {
				ALWAYS_SEARCH_USER_PATHS = NO;
				ASSETCATALOG_COMPILER_GENERATE_SWIFT_ASSET_SYMBOL_EXTENSIONS = YES;
				CLANG_ANALYZER_NONNULL = YES;
				CLANG_ANALYZER_NUMBER_OBJECT_CONVERSION = YES_AGGRESSIVE;
				CLANG_CXX_LANGUAGE_STANDARD = "gnu++20";
				CLANG_ENABLE_MODULES = YES;
				CLANG_ENABLE_OBJC_ARC = YES;
				CLANG_ENABLE_OBJC_WEAK = YES;
				CLANG_WARN_BLOCK_CAPTURE_AUTORELEASING = YES;
				CLANG_WARN_BOOL_CONVERSION = YES;
				CLANG_WARN_COMMA = YES;
				CLANG_WARN_CONSTANT_CONVERSION = YES;
				CLANG_WARN_DEPRECATED_OBJC_IMPLEMENTATIONS = YES;
				CLANG_WARN_DIRECT_OBJC_ISA_USAGE = YES_ERROR;
				CLANG_WARN_DOCUMENTATION_COMMENTS = YES;
				CLANG_WARN_EMPTY_BODY = YES;
				CLANG_WARN_ENUM_CONVERSION = YES;
				CLANG_WARN_INFINITE_RECURSION = YES;
				CLANG_WARN_INT_CONVERSION = YES;
				CLANG_WARN_NON_LITERAL_NULL_CONVERSION = YES;
				CLANG_WARN_OBJC_IMPLICIT_RETAIN_SELF = YES;
				CLANG_WARN_OBJC_LITERAL_CONVERSION = YES;
				CLANG_WARN_OBJC_ROOT_CLASS = YES_ERROR;
				CLANG_WARN_QUOTED_INCLUDE_IN_FRAMEWORK_HEADER = YES;
				CLANG_WARN_RANGE_LOOP_ANALYSIS = YES;
				CLANG_WARN_STRICT_PROTOTYPES = YES;
				CLANG_WARN_SUSPICIOUS_MOVE = YES;
				CLANG_WARN_UNGUARDED_AVAILABILITY = YES_AGGRESSIVE;
				CLANG_WARN_UNREACHABLE_CODE = YES;
				CLANG_WARN__DUPLICATE_METHOD_MATCH = YES;
				COPY_PHASE_STRIP = NO;
				DEBUG_INFORMATION_FORMAT = "dwarf-with-dsym";
				ENABLE_NS_ASSERTIONS = NO;
				ENABLE_STRICT_OBJC_MSGSEND = YES;
				ENABLE_USER_SCRIPT_SANDBOXING = YES;
				GCC_C_LANGUAGE_STANDARD = gnu17;
				GCC_NO_COMMON_BLOCKS = YES;
				GCC_WARN_64_TO_32_BIT_CONVERSION = YES;
				GCC_WARN_ABOUT_RETURN_TYPE = YES_ERROR;
				GCC_WARN_UNDECLARED_SELECTOR = YES;
				GCC_WARN_UNINITIALIZED_AUTOS = YES_AGGRESSIVE;
				GCC_WARN_UNUSED_FUNCTION = YES;
				GCC_WARN_UNUSED_VARIABLE = YES;
				IPHONEOS_DEPLOYMENT_TARGET = 17.2;
				LOCALIZATION_PREFERS_STRING_CATALOGS = YES;
				MTL_ENABLE_DEBUG_INFO = NO;
				MTL_FAST_MATH = YES;
				SDKROOT = iphoneos;
				SWIFT_COMPILATION_MODE = wholemodule;
				VALIDATE_PRODUCT = YES;
			};
			name = Release;
		};
		2A613B4C2B95C0CC007F88B8 /* Debug */ = {
			isa = XCBuildConfiguration;
			buildSettings = {
				ASSETCATALOG_COMPILER_APPICON_NAME = AppIcon;
				ASSETCATALOG_COMPILER_GLOBAL_ACCENT_COLOR_NAME = AccentColor;
				CODE_SIGN_STYLE = Automatic;
				CURRENT_PROJECT_VERSION = 1;
				GENERATE_INFOPLIST_FILE = YES;
				INFOPLIST_FILE = TaskNetworkingAndAPI/Info.plist;
				INFOPLIST_KEY_UIApplicationSupportsIndirectInputEvents = YES;
				INFOPLIST_KEY_UILaunchStoryboardName = LaunchScreen;
				INFOPLIST_KEY_UISupportedInterfaceOrientations_iPad = "UIInterfaceOrientationPortrait UIInterfaceOrientationPortraitUpsideDown UIInterfaceOrientationLandscapeLeft UIInterfaceOrientationLandscapeRight";
				INFOPLIST_KEY_UISupportedInterfaceOrientations_iPhone = "UIInterfaceOrientationPortrait UIInterfaceOrientationLandscapeLeft UIInterfaceOrientationLandscapeRight";
				LD_RUNPATH_SEARCH_PATHS = (
					"$(inherited)",
					"@executable_path/Frameworks",
				);
				MARKETING_VERSION = 1.0;
				PRODUCT_BUNDLE_IDENTIFIER = com.forssa.TaskNetworkingAndAPI;
				PRODUCT_NAME = "$(TARGET_NAME)";
				SWIFT_EMIT_LOC_STRINGS = YES;
				SWIFT_VERSION = 5.0;
				TARGETED_DEVICE_FAMILY = "1,2";
			};
			name = Debug;
		};
		2A613B4D2B95C0CC007F88B8 /* Release */ = {
			isa = XCBuildConfiguration;
			buildSettings = {
				ASSETCATALOG_COMPILER_APPICON_NAME = AppIcon;
				ASSETCATALOG_COMPILER_GLOBAL_ACCENT_COLOR_NAME = AccentColor;
				CODE_SIGN_STYLE = Automatic;
				CURRENT_PROJECT_VERSION = 1;
				GENERATE_INFOPLIST_FILE = YES;
				INFOPLIST_FILE = TaskNetworkingAndAPI/Info.plist;
				INFOPLIST_KEY_UIApplicationSupportsIndirectInputEvents = YES;
				INFOPLIST_KEY_UILaunchStoryboardName = LaunchScreen;
				INFOPLIST_KEY_UISupportedInterfaceOrientations_iPad = "UIInterfaceOrientationPortrait UIInterfaceOrientationPortraitUpsideDown UIInterfaceOrientationLandscapeLeft UIInterfaceOrientationLandscapeRight";
				INFOPLIST_KEY_UISupportedInterfaceOrientations_iPhone = "UIInterfaceOrientationPortrait UIInterfaceOrientationLandscapeLeft UIInterfaceOrientationLandscapeRight";
				LD_RUNPATH_SEARCH_PATHS = (
					"$(inherited)",
					"@executable_path/Frameworks",
				);
				MARKETING_VERSION = 1.0;
				PRODUCT_BUNDLE_IDENTIFIER = com.forssa.TaskNetworkingAndAPI;
				PRODUCT_NAME = "$(TARGET_NAME)";
				SWIFT_EMIT_LOC_STRINGS = YES;
				SWIFT_VERSION = 5.0;
				TARGETED_DEVICE_FAMILY = "1,2";
			};
			name = Release;
		};
		2A613B4F2B95C0CC007F88B8 /* Debug */ = {
			isa = XCBuildConfiguration;
			buildSettings = {
				ALWAYS_EMBED_SWIFT_STANDARD_LIBRARIES = YES;
				BUNDLE_LOADER = "$(TEST_HOST)";
				CODE_SIGN_STYLE = Automatic;
				CURRENT_PROJECT_VERSION = 1;
				GENERATE_INFOPLIST_FILE = YES;
				IPHONEOS_DEPLOYMENT_TARGET = 17.2;
				MARKETING_VERSION = 1.0;
				PRODUCT_BUNDLE_IDENTIFIER = com.forssa.TaskNetworkingAndAPITests;
				PRODUCT_NAME = "$(TARGET_NAME)";
				SWIFT_EMIT_LOC_STRINGS = NO;
				SWIFT_VERSION = 5.0;
				TARGETED_DEVICE_FAMILY = "1,2";
				TEST_HOST = "$(BUILT_PRODUCTS_DIR)/TaskNetworkingAndAPI.app/$(BUNDLE_EXECUTABLE_FOLDER_PATH)/TaskNetworkingAndAPI";
			};
			name = Debug;
		};
		2A613B502B95C0CC007F88B8 /* Release */ = {
			isa = XCBuildConfiguration;
			buildSettings = {
				ALWAYS_EMBED_SWIFT_STANDARD_LIBRARIES = YES;
				BUNDLE_LOADER = "$(TEST_HOST)";
				CODE_SIGN_STYLE = Automatic;
				CURRENT_PROJECT_VERSION = 1;
				GENERATE_INFOPLIST_FILE = YES;
				IPHONEOS_DEPLOYMENT_TARGET = 17.2;
				MARKETING_VERSION = 1.0;
				PRODUCT_BUNDLE_IDENTIFIER = com.forssa.TaskNetworkingAndAPITests;
				PRODUCT_NAME = "$(TARGET_NAME)";
				SWIFT_EMIT_LOC_STRINGS = NO;
				SWIFT_VERSION = 5.0;
				TARGETED_DEVICE_FAMILY = "1,2";
				TEST_HOST = "$(BUILT_PRODUCTS_DIR)/TaskNetworkingAndAPI.app/$(BUNDLE_EXECUTABLE_FOLDER_PATH)/TaskNetworkingAndAPI";
			};
			name = Release;
		};
		2A613B522B95C0CC007F88B8 /* Debug */ = {
			isa = XCBuildConfiguration;
			buildSettings = {
				ALWAYS_EMBED_SWIFT_STANDARD_LIBRARIES = YES;
				CODE_SIGN_STYLE = Automatic;
				CURRENT_PROJECT_VERSION = 1;
				GENERATE_INFOPLIST_FILE = YES;
				MARKETING_VERSION = 1.0;
				PRODUCT_BUNDLE_IDENTIFIER = com.forssa.TaskNetworkingAndAPIUITests;
				PRODUCT_NAME = "$(TARGET_NAME)";
				SWIFT_EMIT_LOC_STRINGS = NO;
				SWIFT_VERSION = 5.0;
				TARGETED_DEVICE_FAMILY = "1,2";
				TEST_TARGET_NAME = TaskNetworkingAndAPI;
			};
			name = Debug;
		};
		2A613B532B95C0CC007F88B8 /* Release */ = {
			isa = XCBuildConfiguration;
			buildSettings = {
				ALWAYS_EMBED_SWIFT_STANDARD_LIBRARIES = YES;
				CODE_SIGN_STYLE = Automatic;
				CURRENT_PROJECT_VERSION = 1;
				GENERATE_INFOPLIST_FILE = YES;
				MARKETING_VERSION = 1.0;
				PRODUCT_BUNDLE_IDENTIFIER = com.forssa.TaskNetworkingAndAPIUITests;
				PRODUCT_NAME = "$(TARGET_NAME)";
				SWIFT_EMIT_LOC_STRINGS = NO;
				SWIFT_VERSION = 5.0;
				TARGETED_DEVICE_FAMILY = "1,2";
				TEST_TARGET_NAME = TaskNetworkingAndAPI;
			};
			name = Release;
		};
/* End XCBuildConfiguration section */

/* Begin XCConfigurationList section */
		2A613B1C2B95C0CA007F88B8 /* Build configuration list for PBXProject "TaskNetworkingAndAPI" */ = {
			isa = XCConfigurationList;
			buildConfigurations = (
				2A613B492B95C0CC007F88B8 /* Debug */,
				2A613B4A2B95C0CC007F88B8 /* Release */,
			);
			defaultConfigurationIsVisible = 0;
			defaultConfigurationName = Release;
		};
		2A613B4B2B95C0CC007F88B8 /* Build configuration list for PBXNativeTarget "TaskNetworkingAndAPI" */ = {
			isa = XCConfigurationList;
			buildConfigurations = (
				2A613B4C2B95C0CC007F88B8 /* Debug */,
				2A613B4D2B95C0CC007F88B8 /* Release */,
			);
			defaultConfigurationIsVisible = 0;
			defaultConfigurationName = Release;
		};
		2A613B4E2B95C0CC007F88B8 /* Build configuration list for PBXNativeTarget "TaskNetworkingAndAPITests" */ = {
			isa = XCConfigurationList;
			buildConfigurations = (
				2A613B4F2B95C0CC007F88B8 /* Debug */,
				2A613B502B95C0CC007F88B8 /* Release */,
			);
			defaultConfigurationIsVisible = 0;
			defaultConfigurationName = Release;
		};
		2A613B512B95C0CC007F88B8 /* Build configuration list for PBXNativeTarget "TaskNetworkingAndAPIUITests" */ = {
			isa = XCConfigurationList;
			buildConfigurations = (
				2A613B522B95C0CC007F88B8 /* Debug */,
				2A613B532B95C0CC007F88B8 /* Release */,
			);
			defaultConfigurationIsVisible = 0;
			defaultConfigurationName = Release;
		};
/* End XCConfigurationList section */

/* Begin XCRemoteSwiftPackageReference section */
		2A613B5C2B95C258007F88B8 /* XCRemoteSwiftPackageReference "Alamofire" */ = {
			isa = XCRemoteSwiftPackageReference;
			repositoryURL = "https://github.com/Alamofire/Alamofire.git";
			requirement = {
				kind = upToNextMajorVersion;
				minimumVersion = 5.9.0;
			};
		};
		2A613B652B95D974007F88B8 /* XCRemoteSwiftPackageReference "SnapKit" */ = {
			isa = XCRemoteSwiftPackageReference;
			repositoryURL = "https://github.com/SnapKit/SnapKit.git";
			requirement = {
				kind = upToNextMajorVersion;
				minimumVersion = 5.7.1;
			};
		};
		2A613B6A2B95DD33007F88B8 /* XCRemoteSwiftPackageReference "Kingfisher" */ = {
			isa = XCRemoteSwiftPackageReference;
			repositoryURL = "https://github.com/onevcat/Kingfisher.git";
			requirement = {
				kind = upToNextMajorVersion;
				minimumVersion = 7.11.0;
			};
		};
/* End XCRemoteSwiftPackageReference section */

/* Begin XCSwiftPackageProductDependency section */
		2A613B5D2B95C258007F88B8 /* Alamofire */ = {
			isa = XCSwiftPackageProductDependency;
			package = 2A613B5C2B95C258007F88B8 /* XCRemoteSwiftPackageReference "Alamofire" */;
			productName = Alamofire;
		};
		2A613B5F2B95C258007F88B8 /* AlamofireDynamic */ = {
			isa = XCSwiftPackageProductDependency;
			package = 2A613B5C2B95C258007F88B8 /* XCRemoteSwiftPackageReference "Alamofire" */;
			productName = AlamofireDynamic;
		};
		2A613B662B95D974007F88B8 /* SnapKit */ = {
			isa = XCSwiftPackageProductDependency;
			package = 2A613B652B95D974007F88B8 /* XCRemoteSwiftPackageReference "SnapKit" */;
			productName = SnapKit;
		};
		2A613B682B95D974007F88B8 /* SnapKit-Dynamic */ = {
			isa = XCSwiftPackageProductDependency;
			package = 2A613B652B95D974007F88B8 /* XCRemoteSwiftPackageReference "SnapKit" */;
			productName = "SnapKit-Dynamic";
		};
		2A613B6B2B95DD33007F88B8 /* Kingfisher */ = {
			isa = XCSwiftPackageProductDependency;
			package = 2A613B6A2B95DD33007F88B8 /* XCRemoteSwiftPackageReference "Kingfisher" */;
			productName = Kingfisher;
		};
/* End XCSwiftPackageProductDependency section */
	};
	rootObject = 2A613B192B95C0CA007F88B8 /* Project object */;
}
